{
	"name": "@abstractflo/atlas-client",
	"version": "2.1.9",
	"lockfileVersion": 2,
	"requires": true,
	"packages": {
		"": {
			"name": "@abstractflo/atlas-client",
			"version": "2.1.9",
			"license": "ISC",
			"dependencies": {
				"@altv/types-client": "^1.5.6",
				"@altv/types-natives": "^1.3.0",
				"fs-extra": "^10.0.0",
				"rxjs": "^6.6.7",
				"tsyringe": "^4.5.0"
			},
			"devDependencies": {
				"@types/fs-extra": "^9.0.11",
				"@types/node": "^15.0.2"
			},
			"peerDependencies": {
				"@abraham/reflection": "^0.8.0",
				"@altv/types-client": "^1.5.6",
				"@altv/types-natives": "^1.3.0",
				"rxjs": "^7.0.1",
				"tsyringe": "^4.5.0"
			}
		},
		"node_modules/@abraham/reflection": {
			"version": "0.8.0",
			"resolved": "https://registry.npmjs.org/@abraham/reflection/-/reflection-0.8.0.tgz",
			"integrity": "sha512-Oy2jk9hHEI/t1avTgB4BCQtceUOqwrElQdecGS0wTqH5rc0KXysUrhpX4ep0vCMjoxzNyXSx7JU+KWkrkFIKOg==",
			"peer": true
		},
		"node_modules/@altv/types-client": {
			"version": "1.5.6",
			"resolved": "https://registry.npmjs.org/@altv/types-client/-/types-client-1.5.6.tgz",
			"integrity": "sha512-Z6leqGAue4sZ/fzIdoUy6Vr3B92oWkXJ+i5l7rfJpxzZdoaxTAFXf16A2lmx2EpqibTDMYDgTOvoltiTHatJOA=="
		},
		"node_modules/@altv/types-natives": {
			"version": "1.3.0",
			"resolved": "https://registry.npmjs.org/@altv/types-natives/-/types-natives-1.3.0.tgz",
			"integrity": "sha512-+AGZgWoXX2WyUUBorVBBVKvBhkL2CW1e1dhb4Gz9qOY8bBJuIXAbhTeZRMmcy7hMpyN+StrFMReEqh9XE+7O3A==",
			"peerDependencies": {
				"@altv/types-client": ">=1.5.5"
			}
		},
		"node_modules/@types/fs-extra": {
			"version": "9.0.11",
			"resolved": "https://registry.npmjs.org/@types/fs-extra/-/fs-extra-9.0.11.tgz",
			"integrity": "sha512-mZsifGG4QeQ7hlkhO56u7zt/ycBgGxSVsFI/6lGTU34VtwkiqrrSDgw0+ygs8kFGWcXnFQWMrzF2h7TtDFNixA==",
			"dev": true,
			"dependencies": {
				"@types/node": "*"
			}
		},
		"node_modules/@types/node": {
			"version": "15.0.2",
			"resolved": "https://registry.npmjs.org/@types/node/-/node-15.0.2.tgz",
			"integrity": "sha512-p68+a+KoxpoB47015IeYZYRrdqMUcpbK8re/zpFB8Ld46LHC1lPEbp3EXgkEhAYEcPvjJF6ZO+869SQ0aH1dcA==",
			"dev": true
		},
		"node_modules/fs-extra": {
			"version": "10.0.0",
			"resolved": "https://registry.npmjs.org/fs-extra/-/fs-extra-10.0.0.tgz",
			"integrity": "sha512-C5owb14u9eJwizKGdchcDUQeFtlSHHthBk8pbX9Vc1PFZrLombudjDnNns88aYslCyF6IY5SUw3Roz6xShcEIQ==",
			"dependencies": {
				"graceful-fs": "^4.2.0",
				"jsonfile": "^6.0.1",
				"universalify": "^2.0.0"
			},
			"engines": {
				"node": ">=12"
			}
		},
		"node_modules/graceful-fs": {
			"version": "4.2.6",
			"resolved": "https://registry.npmjs.org/graceful-fs/-/graceful-fs-4.2.6.tgz",
			"integrity": "sha512-nTnJ528pbqxYanhpDYsi4Rd8MAeaBA67+RZ10CM1m3bTAVFEDcd5AuA4a6W5YkGZ1iNXHzZz8T6TBKLeBuNriQ=="
		},
		"node_modules/jsonfile": {
			"version": "6.1.0",
			"resolved": "https://registry.npmjs.org/jsonfile/-/jsonfile-6.1.0.tgz",
			"integrity": "sha512-5dgndWOriYSm5cnYaJNhalLNDKOqFwyDB/rr1E9ZsGciGvKPs8R2xYGCacuf3z6K1YKDz182fd+fY3cn3pMqXQ==",
			"dependencies": {
				"graceful-fs": "^4.1.6",
				"universalify": "^2.0.0"
			}
		},
		"node_modules/rxjs": {
			"version": "6.6.7",
			"resolved": "https://registry.npmjs.org/rxjs/-/rxjs-6.6.7.tgz",
			"integrity": "sha512-hTdwr+7yYNIT5n4AMYp85KA6yw2Va0FLa3Rguvbpa4W3I5xynaBZo41cM3XM+4Q6fRMj3sBYIR1VAmZMXYJvRQ==",
			"dependencies": {
				"tslib": "^1.9.0"
			},
			"engines": {
				"npm": ">=2.0.0"
			}
		},
		"node_modules/tslib": {
			"version": "1.14.1",
			"resolved": "https://registry.npmjs.org/tslib/-/tslib-1.14.1.tgz",
			"integrity": "sha512-Xni35NKzjgMrwevysHTCArtLDpPvye8zV/0E4EyYn43P7/7qvQwPh9BGkHewbMulVntbigmcT7rdX3BNo9wRJg=="
		},
		"node_modules/tsyringe": {
			"version": "4.5.0",
			"resolved": "https://registry.npmjs.org/tsyringe/-/tsyringe-4.5.0.tgz",
			"integrity": "sha512-XvYgdUxkmGQfpCkKyr/ybJx71OLSnNec1SO0xdohMjaS2UOEyKi76YfKx92XUXgc1TocypHENg6y4wCyYyMKag==",
			"dependencies": {
				"tslib": "^1.9.3"
			},
			"engines": {
				"node": ">= 6.0.0"
			}
		},
		"node_modules/universalify": {
			"version": "2.0.0",
			"resolved": "https://registry.npmjs.org/universalify/-/universalify-2.0.0.tgz",
			"integrity": "sha512-hAZsKq7Yy11Zu1DE0OzWjw7nnLZmJZYTDZZyEFHZdUhV8FkH5MCfoU1XMaxXovpyW5nq5scPqq0ZDP9Zyl04oQ==",
			"engines": {
				"node": ">= 10.0.0"
			}
		}
	},
	"dependencies": {
		"@abraham/reflection": {
			"version": "0.8.0",
			"resolved": "https://registry.npmjs.org/@abraham/reflection/-/reflection-0.8.0.tgz",
			"integrity": "sha512-Oy2jk9hHEI/t1avTgB4BCQtceUOqwrElQdecGS0wTqH5rc0KXysUrhpX4ep0vCMjoxzNyXSx7JU+KWkrkFIKOg==",
			"peer": true
		},
		"@altv/types-client": {
			"version": "1.5.6",
			"resolved": "https://registry.npmjs.org/@altv/types-client/-/types-client-1.5.6.tgz",
			"integrity": "sha512-Z6leqGAue4sZ/fzIdoUy6Vr3B92oWkXJ+i5l7rfJpxzZdoaxTAFXf16A2lmx2EpqibTDMYDgTOvoltiTHatJOA=="
		},
		"@altv/types-natives": {
			"version": "1.3.0",
			"resolved": "https://registry.npmjs.org/@altv/types-natives/-/types-natives-1.3.0.tgz",
			"integrity": "sha512-+AGZgWoXX2WyUUBorVBBVKvBhkL2CW1e1dhb4Gz9qOY8bBJuIXAbhTeZRMmcy7hMpyN+StrFMReEqh9XE+7O3A==",
			"requires": {}
		},
		"@types/fs-extra": {
			"version": "9.0.11",
			"resolved": "https://registry.npmjs.org/@types/fs-extra/-/fs-extra-9.0.11.tgz",
			"integrity": "sha512-mZsifGG4QeQ7hlkhO56u7zt/ycBgGxSVsFI/6lGTU34VtwkiqrrSDgw0+ygs8kFGWcXnFQWMrzF2h7TtDFNixA==",
			"dev": true,
			"requires": {
				"@types/node": "*"
			}
		},
		"@types/node": {
			"version": "15.0.2",
			"resolved": "https://registry.npmjs.org/@types/node/-/node-15.0.2.tgz",
			"integrity": "sha512-p68+a+KoxpoB47015IeYZYRrdqMUcpbK8re/zpFB8Ld46LHC1lPEbp3EXgkEhAYEcPvjJF6ZO+869SQ0aH1dcA==",
			"dev": true
		},
		"fs-extra": {
			"version": "10.0.0",
			"resolved": "https://registry.npmjs.org/fs-extra/-/fs-extra-10.0.0.tgz",
			"integrity": "sha512-C5owb14u9eJwizKGdchcDUQeFtlSHHthBk8pbX9Vc1PFZrLombudjDnNns88aYslCyF6IY5SUw3Roz6xShcEIQ==",
			"requires": {
				"graceful-fs": "^4.2.0",
				"jsonfile": "^6.0.1",
				"universalify": "^2.0.0"
			}
		},
		"graceful-fs": {
			"version": "4.2.6",
			"resolved": "https://registry.npmjs.org/graceful-fs/-/graceful-fs-4.2.6.tgz",
			"integrity": "sha512-nTnJ528pbqxYanhpDYsi4Rd8MAeaBA67+RZ10CM1m3bTAVFEDcd5AuA4a6W5YkGZ1iNXHzZz8T6TBKLeBuNriQ=="
		},
		"jsonfile": {
			"version": "6.1.0",
			"resolved": "https://registry.npmjs.org/jsonfile/-/jsonfile-6.1.0.tgz",
			"integrity": "sha512-5dgndWOriYSm5cnYaJNhalLNDKOqFwyDB/rr1E9ZsGciGvKPs8R2xYGCacuf3z6K1YKDz182fd+fY3cn3pMqXQ==",
			"requires": {
				"graceful-fs": "^4.1.6",
				"universalify": "^2.0.0"
			}
		},
		"rxjs": {
			"version": "6.6.7",
			"resolved": "https://registry.npmjs.org/rxjs/-/rxjs-6.6.7.tgz",
			"integrity": "sha512-hTdwr+7yYNIT5n4AMYp85KA6yw2Va0FLa3Rguvbpa4W3I5xynaBZo41cM3XM+4Q6fRMj3sBYIR1VAmZMXYJvRQ==",
			"requires": {
				"tslib": "^1.9.0"
			}
		},
		"tslib": {
			"version": "1.14.1",
			"resolved": "https://registry.npmjs.org/tslib/-/tslib-1.14.1.tgz",
			"integrity": "sha512-Xni35NKzjgMrwevysHTCArtLDpPvye8zV/0E4EyYn43P7/7qvQwPh9BGkHewbMulVntbigmcT7rdX3BNo9wRJg=="
		},
		"tsyringe": {
			"version": "4.5.0",
			"resolved": "https://registry.npmjs.org/tsyringe/-/tsyringe-4.5.0.tgz",
			"integrity": "sha512-XvYgdUxkmGQfpCkKyr/ybJx71OLSnNec1SO0xdohMjaS2UOEyKi76YfKx92XUXgc1TocypHENg6y4wCyYyMKag==",
			"requires": {
				"tslib": "^1.9.3"
			}
		},
		"universalify": {
			"version": "2.0.0",
			"resolved": "https://registry.npmjs.org/universalify/-/universalify-2.0.0.tgz",
			"integrity": "sha512-hAZsKq7Yy11Zu1DE0OzWjw7nnLZmJZYTDZZyEFHZdUhV8FkH5MCfoU1XMaxXovpyW5nq5scPqq0ZDP9Zyl04oQ=="
		}
	}
}
