{
  "name": "@abstractflo/atlas-client",
  "version": "0.0.0",
  "lockfileVersion": 2,
  "requires": true,
  "packages": {
    "": {
      "name": "@abstractflo/atlas-client",
      "version": "0.0.0",
      "license": "ISC",
      "devDependencies": {
        "@abstractflo/atlas-shared": "*",
        "@types/fs-extra": "^9.0.7",
        "@types/node": "^14.14.31",
        "fs-extra": "^9.1.0",
        "rxjs": "*",
        "tsyringe": "^4.4.0"
      },
      "peerDependencies": {
        "@abraham/reflection": "^0.7.0",
        "@abstractflo/atlas-shared": "^0.0.0",
        "@altv/types-client": "^1.5.2",
        "rxjs": "^6.6.6",
        "tsyringe": "^4.4.0"
      }
    },
    "node_modules/@abraham/reflection": {
      "version": "0.7.0",
      "resolved": "https://registry.npmjs.org/@abraham/reflection/-/reflection-0.7.0.tgz",
      "integrity": "sha512-W4V4I0PzxeWCiMKnS4n4x3Fzb8cQp2qlmBO7RACS/00YsvIgijjcBz5Mp3P1PPP9vSzpbmi0qwuVYZ4twXKwxg=="
    },
    "node_modules/@abstractflo/atlas-shared": {
      "version": "1.0.0-alpha.3",
      "resolved": "https://registry.npmjs.org/@abstractflo/atlas-shared/-/atlas-shared-1.0.0-alpha.3.tgz",
      "integrity": "sha512-bmU7mSL6nFEZnSB4h+U4diYJyK5yFkGPPCbG7zy7dD90BbZi1meBLZlGtpLqJMOREjT9SDYSk0PhpJ7mqmwBOQ==",
      "dev": true,
      "dependencies": {
        "@abraham/reflection": "^0.7.0",
        "rxjs": "^6.6.3",
        "tsyringe": "^4.4.0"
      }
    },
    "node_modules/@altv/types-client": {
      "version": "1.5.2",
      "resolved": "https://registry.npmjs.org/@altv/types-client/-/types-client-1.5.2.tgz",
      "integrity": "sha512-yyj/dBEsDq1YgZTdi03zh/KdaO8/CSSW2T0zDy8l5fK48S7e8Cw2yGowY2NwiLM4QdywAQ76bIJ/zI4PYBxl0A==",
      "peer": true
    },
    "node_modules/@types/fs-extra": {
      "version": "9.0.7",
      "resolved": "https://registry.npmjs.org/@types/fs-extra/-/fs-extra-9.0.7.tgz",
      "integrity": "sha512-YGq2A6Yc3bldrLUlm17VNWOnUbnEzJ9CMgOeLFtQF3HOCN5lQBO8VyjG00a5acA5NNSM30kHVGp1trZgnVgi1Q==",
      "dev": true,
      "dependencies": {
        "@types/node": "*"
      }
    },
    "node_modules/@types/node": {
      "version": "14.14.31",
      "resolved": "https://registry.npmjs.org/@types/node/-/node-14.14.31.tgz",
      "integrity": "sha512-vFHy/ezP5qI0rFgJ7aQnjDXwAMrG0KqqIH7tQG5PPv3BWBayOPIQNBjVc/P6hhdZfMx51REc6tfDNXHUio893g==",
      "dev": true
    },
    "node_modules/at-least-node": {
      "version": "1.0.0",
      "resolved": "https://registry.npmjs.org/at-least-node/-/at-least-node-1.0.0.tgz",
      "integrity": "sha512-+q/t7Ekv1EDY2l6Gda6LLiX14rU9TV20Wa3ofeQmwPFZbOMo9DXrLbOjFaaclkXKWidIaopwAObQDqwWtGUjqg==",
      "dev": true,
      "engines": {
        "node": ">= 4.0.0"
      }
    },
    "node_modules/fs-extra": {
      "version": "9.1.0",
      "resolved": "https://registry.npmjs.org/fs-extra/-/fs-extra-9.1.0.tgz",
      "integrity": "sha512-hcg3ZmepS30/7BSFqRvoo3DOMQu7IjqxO5nCDt+zM9XWjb33Wg7ziNT+Qvqbuc3+gWpzO02JubVyk2G4Zvo1OQ==",
      "dev": true,
      "dependencies": {
        "at-least-node": "^1.0.0",
        "graceful-fs": "^4.2.0",
        "jsonfile": "^6.0.1",
        "universalify": "^2.0.0"
      },
      "engines": {
        "node": ">=10"
      }
    },
    "node_modules/graceful-fs": {
      "version": "4.2.6",
      "resolved": "https://registry.npmjs.org/graceful-fs/-/graceful-fs-4.2.6.tgz",
      "integrity": "sha512-nTnJ528pbqxYanhpDYsi4Rd8MAeaBA67+RZ10CM1m3bTAVFEDcd5AuA4a6W5YkGZ1iNXHzZz8T6TBKLeBuNriQ==",
      "dev": true
    },
    "node_modules/jsonfile": {
      "version": "6.1.0",
      "resolved": "https://registry.npmjs.org/jsonfile/-/jsonfile-6.1.0.tgz",
      "integrity": "sha512-5dgndWOriYSm5cnYaJNhalLNDKOqFwyDB/rr1E9ZsGciGvKPs8R2xYGCacuf3z6K1YKDz182fd+fY3cn3pMqXQ==",
      "dev": true,
      "dependencies": {
        "universalify": "^2.0.0"
      },
      "optionalDependencies": {
        "graceful-fs": "^4.1.6"
      }
    },
    "node_modules/rxjs": {
      "version": "6.6.6",
      "resolved": "https://registry.npmjs.org/rxjs/-/rxjs-6.6.6.tgz",
      "integrity": "sha512-/oTwee4N4iWzAMAL9xdGKjkEHmIwupR3oXbQjCKywF1BeFohswF3vZdogbmEF6pZkOsXTzWkrZszrWpQTByYVg==",
      "dev": true,
      "dependencies": {
        "tslib": "^1.9.0"
      },
      "engines": {
        "npm": ">=2.0.0"
      }
    },
    "node_modules/tslib": {
      "version": "1.14.1",
      "resolved": "https://registry.npmjs.org/tslib/-/tslib-1.14.1.tgz",
      "integrity": "sha512-Xni35NKzjgMrwevysHTCArtLDpPvye8zV/0E4EyYn43P7/7qvQwPh9BGkHewbMulVntbigmcT7rdX3BNo9wRJg==",
      "dev": true
    },
    "node_modules/tsyringe": {
      "version": "4.4.0",
      "resolved": "https://registry.npmjs.org/tsyringe/-/tsyringe-4.4.0.tgz",
      "integrity": "sha512-SlMApe1lhIq546CDp7bF+IdF4RB6d+9C5T7B0AS0P/Bm+Qpizj/gEmZzvw9J/KlXPEt4qHTbi1TRvX3rCPSdTg==",
      "dev": true,
      "dependencies": {
        "tslib": "^1.9.3"
      },
      "engines": {
        "node": ">= 6.0.0"
      }
    },
    "node_modules/universalify": {
      "version": "2.0.0",
      "resolved": "https://registry.npmjs.org/universalify/-/universalify-2.0.0.tgz",
      "integrity": "sha512-hAZsKq7Yy11Zu1DE0OzWjw7nnLZmJZYTDZZyEFHZdUhV8FkH5MCfoU1XMaxXovpyW5nq5scPqq0ZDP9Zyl04oQ==",
      "dev": true,
      "engines": {
        "node": ">= 10.0.0"
      }
    }
  },
  "dependencies": {
    "@abraham/reflection": {
      "version": "0.7.0",
      "resolved": "https://registry.npmjs.org/@abraham/reflection/-/reflection-0.7.0.tgz",
      "integrity": "sha512-W4V4I0PzxeWCiMKnS4n4x3Fzb8cQp2qlmBO7RACS/00YsvIgijjcBz5Mp3P1PPP9vSzpbmi0qwuVYZ4twXKwxg=="
    },
    "@abstractflo/atlas-shared": {
      "version": "1.0.0-alpha.3",
      "resolved": "https://registry.npmjs.org/@abstractflo/atlas-shared/-/atlas-shared-1.0.0-alpha.3.tgz",
      "integrity": "sha512-bmU7mSL6nFEZnSB4h+U4diYJyK5yFkGPPCbG7zy7dD90BbZi1meBLZlGtpLqJMOREjT9SDYSk0PhpJ7mqmwBOQ==",
      "dev": true,
      "requires": {
        "@abraham/reflection": "^0.7.0",
        "rxjs": "^6.6.3",
        "tsyringe": "^4.4.0"
      }
    },
    "@altv/types-client": {
      "version": "1.5.2",
      "resolved": "https://registry.npmjs.org/@altv/types-client/-/types-client-1.5.2.tgz",
      "integrity": "sha512-yyj/dBEsDq1YgZTdi03zh/KdaO8/CSSW2T0zDy8l5fK48S7e8Cw2yGowY2NwiLM4QdywAQ76bIJ/zI4PYBxl0A==",
      "peer": true
    },
    "@types/fs-extra": {
      "version": "9.0.7",
      "resolved": "https://registry.npmjs.org/@types/fs-extra/-/fs-extra-9.0.7.tgz",
      "integrity": "sha512-YGq2A6Yc3bldrLUlm17VNWOnUbnEzJ9CMgOeLFtQF3HOCN5lQBO8VyjG00a5acA5NNSM30kHVGp1trZgnVgi1Q==",
      "dev": true,
      "requires": {
        "@types/node": "*"
      }
    },
    "@types/node": {
      "version": "14.14.31",
      "resolved": "https://registry.npmjs.org/@types/node/-/node-14.14.31.tgz",
      "integrity": "sha512-vFHy/ezP5qI0rFgJ7aQnjDXwAMrG0KqqIH7tQG5PPv3BWBayOPIQNBjVc/P6hhdZfMx51REc6tfDNXHUio893g==",
      "dev": true
    },
    "at-least-node": {
      "version": "1.0.0",
      "resolved": "https://registry.npmjs.org/at-least-node/-/at-least-node-1.0.0.tgz",
      "integrity": "sha512-+q/t7Ekv1EDY2l6Gda6LLiX14rU9TV20Wa3ofeQmwPFZbOMo9DXrLbOjFaaclkXKWidIaopwAObQDqwWtGUjqg==",
      "dev": true
    },
    "fs-extra": {
      "version": "9.1.0",
      "resolved": "https://registry.npmjs.org/fs-extra/-/fs-extra-9.1.0.tgz",
      "integrity": "sha512-hcg3ZmepS30/7BSFqRvoo3DOMQu7IjqxO5nCDt+zM9XWjb33Wg7ziNT+Qvqbuc3+gWpzO02JubVyk2G4Zvo1OQ==",
      "dev": true,
      "requires": {
        "at-least-node": "^1.0.0",
        "graceful-fs": "^4.2.0",
        "jsonfile": "^6.0.1",
        "universalify": "^2.0.0"
      }
    },
    "graceful-fs": {
      "version": "4.2.6",
      "resolved": "https://registry.npmjs.org/graceful-fs/-/graceful-fs-4.2.6.tgz",
      "integrity": "sha512-nTnJ528pbqxYanhpDYsi4Rd8MAeaBA67+RZ10CM1m3bTAVFEDcd5AuA4a6W5YkGZ1iNXHzZz8T6TBKLeBuNriQ==",
      "dev": true
    },
    "jsonfile": {
      "version": "6.1.0",
      "resolved": "https://registry.npmjs.org/jsonfile/-/jsonfile-6.1.0.tgz",
      "integrity": "sha512-5dgndWOriYSm5cnYaJNhalLNDKOqFwyDB/rr1E9ZsGciGvKPs8R2xYGCacuf3z6K1YKDz182fd+fY3cn3pMqXQ==",
      "dev": true,
      "requires": {
        "graceful-fs": "^4.1.6",
        "universalify": "^2.0.0"
      }
    },
    "rxjs": {
      "version": "6.6.6",
      "resolved": "https://registry.npmjs.org/rxjs/-/rxjs-6.6.6.tgz",
      "integrity": "sha512-/oTwee4N4iWzAMAL9xdGKjkEHmIwupR3oXbQjCKywF1BeFohswF3vZdogbmEF6pZkOsXTzWkrZszrWpQTByYVg==",
      "dev": true,
      "requires": {
        "tslib": "^1.9.0"
      }
    },
    "tslib": {
      "version": "1.14.1",
      "resolved": "https://registry.npmjs.org/tslib/-/tslib-1.14.1.tgz",
      "integrity": "sha512-Xni35NKzjgMrwevysHTCArtLDpPvye8zV/0E4EyYn43P7/7qvQwPh9BGkHewbMulVntbigmcT7rdX3BNo9wRJg==",
      "dev": true
    },
    "tsyringe": {
      "version": "4.4.0",
      "resolved": "https://registry.npmjs.org/tsyringe/-/tsyringe-4.4.0.tgz",
      "integrity": "sha512-SlMApe1lhIq546CDp7bF+IdF4RB6d+9C5T7B0AS0P/Bm+Qpizj/gEmZzvw9J/KlXPEt4qHTbi1TRvX3rCPSdTg==",
      "dev": true,
      "requires": {
        "tslib": "^1.9.3"
      }
    },
    "universalify": {
      "version": "2.0.0",
      "resolved": "https://registry.npmjs.org/universalify/-/universalify-2.0.0.tgz",
      "integrity": "sha512-hAZsKq7Yy11Zu1DE0OzWjw7nnLZmJZYTDZZyEFHZdUhV8FkH5MCfoU1XMaxXovpyW5nq5scPqq0ZDP9Zyl04oQ==",
      "dev": true
    }
  }
}
